
Microsoft Visual Studio Solution File, Format Version 10.00
# Visual Studio 2008
Project("{F184B08F-C81C-45F6-A57F-5ABD9991F28F}") = "adminrunas", "adminrunas\adminrunas.vbproj", "{14227A9A-B9A4-4419-9542-3FCC21A0775A}"
EndProject
Global
	GlobalSection(SolutionConfigurationPlatforms) = preSolution
		Debug|Any CPU = Debug|Any CPU
		Release|Any CPU = Release|Any CPU
	EndGlobalSection
	GlobalSection(ProjectConfigurationPlatforms) = postSolution
		{14227A9A-B9A4-4419-9542-3FCC21A0775A}.Debug|Any CPU.ActiveCfg = Debug|Any CPU
		{14227A9A-B9A4-4419-9542-3FCC21A0775A}.Debug|Any CPU.Build.0 = Debug|Any CPU
		{14227A9A-B9A4-4419-9542-3FCC21A0775A}.Release|Any CPU.ActiveCfg = Release|Any CPU
		{14227A9A-B9A4-4419-9542-3FCC21A0775A}.Release|Any CPU.Build.0 = Release|Any CPU
	EndGlobalSection
	GlobalSection(SolutionProperties) = preSolution
		HideSolutionNode = FALSE
	EndGlobalSection
EndGlobal
